# THIS IS AN AUTOGENERATED FILE. DO NOT EDIT THIS FILE DIRECTLY.
# yarn lockfile v1


add-dom-event-listener@1.x:
  version "1.0.2"
  resolved "https://registry.yarnpkg.com/add-dom-event-listener/-/add-dom-event-listener-1.0.2.tgz#8faed2c41008721cf111da1d30d995b85be42bed"
  dependencies:
    object-assign "4.x"

antd-mobile@1.0.0:
  version "1.0.0"
  resolved "https://registry.yarnpkg.com/antd-mobile/-/antd-mobile-1.0.0.tgz#643a338880e166345ecb2cd01027c6becccaf6d9"
  dependencies:
    array-tree-filter "~1.0.0"
    babel-runtime "6.x"
    classnames "~2.2.1"
    css-vendor "~0.3.4"
    moment "~2.15.1"
    normalize.css "^5.0.0"
    nuka-carousel "~2.0.4"
    object-assign "~4.1.0"
    omit.js "~0.1.0"
    rc-checkbox "^1.4.3"
    rc-collapse "^1.6.11"
    rc-dialog "^6.5.5"
    rc-drawer "^0.4.9"
    rc-input-number "^2.8.8"
    rc-notification "^1.3.5"
    rc-slider "^6.1.0"
    rc-steps "~2.2.4"
    rc-swipeout "^1.1.5"
    rc-table "^5.2.2"
    rc-tabs "^7.1.0"
    rc-tooltip "^3.4.2"
    rc-touchable "^1.0.8"
    react-hammerjs "^0.5.0"
    react-native-camera-roll-picker "~1.1.6"
    react-native-drawer-layout "~1.0.0"
    react-native-menu "~0.20.1"
    react-native-scrollable-tab-view "^0.6.0"
    react-timer-mixin "~0.13.3"
    rmc-cascader "^4.1.1"
    rmc-date-picker "^5.3.1"
    rmc-list-view "^0.7.4"
    rmc-picker "^3.8.0"
    rn-topview "~0.1.0"
    shallowequal "^0.2.2"
    zscroller "~0.2.2"

array-tree-filter@1.0.x, array-tree-filter@~1.0.0:
  version "1.0.1"
  resolved "https://registry.yarnpkg.com/array-tree-filter/-/array-tree-filter-1.0.1.tgz#0a8ad1eefd38ce88858632f9cc0423d7634e4d5d"

asap@~2.0.3:
  version "2.0.5"
  resolved "https://registry.yarnpkg.com/asap/-/asap-2.0.5.tgz#522765b50c3510490e52d7dcfe085ef9ba96958f"

autobind-decorator@^1.3.2, autobind-decorator@^1.3.3:
  version "1.3.4"
  resolved "https://registry.yarnpkg.com/autobind-decorator/-/autobind-decorator-1.3.4.tgz#b67560e6bbbb68a35c049c82d6351ea0e82d820d"

babel-runtime@6.x:
  version "6.23.0"
  resolved "https://registry.yarnpkg.com/babel-runtime/-/babel-runtime-6.23.0.tgz#0a9489f144de70efb3ce4300accdb329e2fc543b"
  dependencies:
    core-js "^2.4.0"
    regenerator-runtime "^0.10.0"

balanced-match@^0.4.1:
  version "0.4.2"
  resolved "https://registry.yarnpkg.com/balanced-match/-/balanced-match-0.4.2.tgz#cb3f3e3c732dc0f01ee70b403f302e61d7709838"

brace-expansion@^1.0.0:
  version "1.1.6"
  resolved "https://registry.yarnpkg.com/brace-expansion/-/brace-expansion-1.1.6.tgz#7197d7eaa9b87e648390ea61fc66c84427420df9"
  dependencies:
    balanced-match "^0.4.1"
    concat-map "0.0.1"

classnames@2.x, classnames@^2.2.0, classnames@^2.2.3, classnames@^2.2.4, classnames@^2.2.5, classnames@~2.2.1:
  version "2.2.5"
  resolved "https://registry.yarnpkg.com/classnames/-/classnames-2.2.5.tgz#fb3801d453467649ef3603c7d61a02bd129bde6d"

component-classes@^1.2.5, component-classes@^1.2.6:
  version "1.2.6"
  resolved "https://registry.yarnpkg.com/component-classes/-/component-classes-1.2.6.tgz#c642394c3618a4d8b0b8919efccbbd930e5cd691"
  dependencies:
    component-indexof "0.0.3"

component-indexof@0.0.3:
  version "0.0.3"
  resolved "https://registry.yarnpkg.com/component-indexof/-/component-indexof-0.0.3.tgz#11d091312239eb8f32c8f25ae9cb002ffe8d3c24"

concat-map@0.0.1:
  version "0.0.1"
  resolved "https://registry.yarnpkg.com/concat-map/-/concat-map-0.0.1.tgz#d8a96bd77fd68df7793a73036a3ba0d5405d477b"

core-js@^1.0.0:
  version "1.2.7"
  resolved "https://registry.yarnpkg.com/core-js/-/core-js-1.2.7.tgz#652294c14651db28fa93bd2d5ff2983a4f08c636"

core-js@^2.4.0:
  version "2.4.1"
  resolved "https://registry.yarnpkg.com/core-js/-/core-js-2.4.1.tgz#4de911e667b0eae9124e34254b53aea6fc618d3e"

css-animation@1.x, css-animation@^1.3.0:
  version "1.3.2"
  resolved "https://registry.yarnpkg.com/css-animation/-/css-animation-1.3.2.tgz#df515820ef5903733ad2db0999403b3037b8b880"
  dependencies:
    component-classes "^1.2.5"

css-vendor@~0.3.4:
  version "0.3.8"
  resolved "https://registry.yarnpkg.com/css-vendor/-/css-vendor-0.3.8.tgz#6421cfd3034ce664fe7673972fd0119fc28941fa"
  dependencies:
    is-in-browser "^1.0.2"

dom-align@1.x:
  version "1.5.3"
  resolved "https://registry.yarnpkg.com/dom-align/-/dom-align-1.5.3.tgz#b906b616822a5e599f579ec8505e367c51da7588"

encoding@^0.1.11:
  version "0.1.12"
  resolved "https://registry.yarnpkg.com/encoding/-/encoding-0.1.12.tgz#538b66f3ee62cd1ab51ec323829d1f9480c74beb"
  dependencies:
    iconv-lite "~0.4.13"

exenv@^1.2.0:
  version "1.2.1"
  resolved "https://registry.yarnpkg.com/exenv/-/exenv-1.2.1.tgz#75de1c8dee02e952b102aa17f8875973e0df14f9"

fbjs@^0.8.3:
  version "0.8.9"
  resolved "https://registry.yarnpkg.com/fbjs/-/fbjs-0.8.9.tgz#180247fbd347dcc9004517b904f865400a0c8f14"
  dependencies:
    core-js "^1.0.0"
    isomorphic-fetch "^2.1.1"
    loose-envify "^1.0.0"
    object-assign "^4.1.0"
    promise "^7.1.1"
    setimmediate "^1.0.5"
    ua-parser-js "^0.7.9"

for-in@^0.1.5:
  version "0.1.6"
  resolved "https://registry.yarnpkg.com/for-in/-/for-in-0.1.6.tgz#c9f96e89bfad18a545af5ec3ed352a1d9e5b4dc8"

for-own@^0.1.4:
  version "0.1.4"
  resolved "https://registry.yarnpkg.com/for-own/-/for-own-0.1.4.tgz#0149b41a39088c7515f51ebe1c1386d45f935072"
  dependencies:
    for-in "^0.1.5"

fs-extra@^2.0.0:
  version "2.0.0"
  resolved "https://registry.yarnpkg.com/fs-extra/-/fs-extra-2.0.0.tgz#337352bded4a0b714f3eb84de8cea765e9d37600"
  dependencies:
    graceful-fs "^4.1.2"
    jsonfile "^2.1.0"

fs.realpath@^1.0.0:
  version "1.0.0"
  resolved "https://registry.yarnpkg.com/fs.realpath/-/fs.realpath-1.0.0.tgz#1504ad2523158caa40db4a2787cb01411994ea4f"

glob@^7.1.1:
  version "7.1.1"
  resolved "https://registry.yarnpkg.com/glob/-/glob-7.1.1.tgz#805211df04faaf1c63a3600306cdf5ade50b2ec8"
  dependencies:
    fs.realpath "^1.0.0"
    inflight "^1.0.4"
    inherits "2"
    minimatch "^3.0.2"
    once "^1.3.0"
    path-is-absolute "^1.0.0"

graceful-fs@^4.1.2, graceful-fs@^4.1.6:
  version "4.1.11"
  resolved "https://registry.yarnpkg.com/graceful-fs/-/graceful-fs-4.1.11.tgz#0e8bdfe4d1ddb8854d64e04ea7c00e2a026e5658"

hammerjs@^2.0.8:
  version "2.0.8"
  resolved "https://registry.yarnpkg.com/hammerjs/-/hammerjs-2.0.8.tgz#04ef77862cff2bb79d30f7692095930222bf60f1"

iconv-lite@~0.4.13:
  version "0.4.15"
  resolved "https://registry.yarnpkg.com/iconv-lite/-/iconv-lite-0.4.15.tgz#fe265a218ac6a57cfe854927e9d04c19825eddeb"

inflight@^1.0.4:
  version "1.0.6"
  resolved "https://registry.yarnpkg.com/inflight/-/inflight-1.0.6.tgz#49bd6331d7d02d0c09bc910a1075ba8165b56df9"
  dependencies:
    once "^1.3.0"
    wrappy "1"

inherits@2:
  version "2.0.3"
  resolved "https://registry.yarnpkg.com/inherits/-/inherits-2.0.3.tgz#633c2c83e3da42a502f52466022480f4208261de"

is-extendable@^0.1.1:
  version "0.1.1"
  resolved "https://registry.yarnpkg.com/is-extendable/-/is-extendable-0.1.1.tgz#62b110e289a471418e3ec36a617d472e301dfc89"

is-in-browser@^1.0.2:
  version "1.1.3"
  resolved "https://registry.yarnpkg.com/is-in-browser/-/is-in-browser-1.1.3.tgz#56ff4db683a078c6082eb95dad7dc62e1d04f835"

is-stream@^1.0.1:
  version "1.1.0"
  resolved "https://registry.yarnpkg.com/is-stream/-/is-stream-1.1.0.tgz#12d4a3dd4e68e0b79ceb8dbc84173ae80d91ca44"

isomorphic-fetch@^2.1.1:
  version "2.2.1"
  resolved "https://registry.yarnpkg.com/isomorphic-fetch/-/isomorphic-fetch-2.2.1.tgz#611ae1acf14f5e81f729507472819fe9733558a9"
  dependencies:
    node-fetch "^1.0.1"
    whatwg-fetch ">=0.10.0"

js-tokens@^3.0.0:
  version "3.0.1"
  resolved "https://registry.yarnpkg.com/js-tokens/-/js-tokens-3.0.1.tgz#08e9f132484a2c45a30907e9dc4d5567b7f114d7"

jsonfile@^2.1.0:
  version "2.4.0"
  resolved "https://registry.yarnpkg.com/jsonfile/-/jsonfile-2.4.0.tgz#3736a2b428b87bbda0cc83b53fa3d633a35c2ae8"
  optionalDependencies:
    graceful-fs "^4.1.6"

kw-react-tween-state@^0.1.5:
  version "0.1.5"
  resolved "https://registry.yarnpkg.com/kw-react-tween-state/-/kw-react-tween-state-0.1.5.tgz#744088988d35f14ccc2ca36af96bc09ece7ab78b"
  dependencies:
    raf "^3.1.0"
    tween-functions "^1.0.1"

lodash._getnative@^3.0.0:
  version "3.9.1"
  resolved "https://registry.yarnpkg.com/lodash._getnative/-/lodash._getnative-3.9.1.tgz#570bc7dede46d61cdcde687d65d3eecbaa3aaff5"

lodash.get@^4.4.2:
  version "4.4.2"
  resolved "https://registry.yarnpkg.com/lodash.get/-/lodash.get-4.4.2.tgz#2d177f652fa31e939b4438d5341499dfa3825e99"

lodash.isarguments@^3.0.0:
  version "3.1.0"
  resolved "https://registry.yarnpkg.com/lodash.isarguments/-/lodash.isarguments-3.1.0.tgz#2f573d85c6a24289ff00663b491c1d338ff3458a"

lodash.isarray@^3.0.0:
  version "3.0.4"
  resolved "https://registry.yarnpkg.com/lodash.isarray/-/lodash.isarray-3.0.4.tgz#79e4eb88c36a8122af86f844aa9bcd851b5fbb55"

lodash.keys@^3.1.2:
  version "3.1.2"
  resolved "https://registry.yarnpkg.com/lodash.keys/-/lodash.keys-3.1.2.tgz#4dbc0472b156be50a0b286855d1bd0b0c656098a"
  dependencies:
    lodash._getnative "^3.0.0"
    lodash.isarguments "^3.0.0"
    lodash.isarray "^3.0.0"

loose-envify@^1.0.0:
  version "1.3.1"
  resolved "https://registry.yarnpkg.com/loose-envify/-/loose-envify-1.3.1.tgz#d1a8ad33fa9ce0e713d65fdd0ac8b748d478c848"
  dependencies:
    js-tokens "^3.0.0"

minimatch@^3.0.2:
  version "3.0.3"
  resolved "https://registry.yarnpkg.com/minimatch/-/minimatch-3.0.3.tgz#2a4e4090b96b2db06a9d7df01055a62a77c9b774"
  dependencies:
    brace-expansion "^1.0.0"

moment@2.x, moment@~2.15.1:
  version "2.15.2"
  resolved "https://registry.yarnpkg.com/moment/-/moment-2.15.2.tgz#1bfdedf6a6e345f322fe956d5df5bd08a8ce84dc"

node-fetch@^1.0.1:
  version "1.6.3"
  resolved "https://registry.yarnpkg.com/node-fetch/-/node-fetch-1.6.3.tgz#dc234edd6489982d58e8f0db4f695029abcd8c04"
  dependencies:
    encoding "^0.1.11"
    is-stream "^1.0.1"

normalize.css@^5.0.0:
  version "5.0.0"
  resolved "https://registry.yarnpkg.com/normalize.css/-/normalize.css-5.0.0.tgz#7cec875ce8178a5333c4de80b68ea9c18b9d7c37"

nuka-carousel@~2.0.4:
  version "2.0.4"
  resolved "https://registry.yarnpkg.com/nuka-carousel/-/nuka-carousel-2.0.4.tgz#eabd24f2785b6d07503542af64155ee5ceccd7ad"
  dependencies:
    exenv "^1.2.0"
    kw-react-tween-state "^0.1.5"
    object-assign "^4.1.0"

object-assign@4.x, object-assign@^4.0.1, object-assign@^4.1.0, object-assign@~4.1.0:
  version "4.1.1"
  resolved "https://registry.yarnpkg.com/object-assign/-/object-assign-4.1.1.tgz#2109adc7965887cfc05cbbd442cac8bfbb360863"

object.omit@~2.0.0:
  version "2.0.1"
  resolved "https://registry.yarnpkg.com/object.omit/-/object.omit-2.0.1.tgz#1a9c744829f39dbb858c76ca3579ae2a54ebd1fa"
  dependencies:
    for-own "^0.1.4"
    is-extendable "^0.1.1"

omit.js@~0.1.0:
  version "0.1.0"
  resolved "https://registry.yarnpkg.com/omit.js/-/omit.js-0.1.0.tgz#9786a21a6d6c316fa35bb14e7101eeee21c52044"
  dependencies:
    object-assign "^4.1.0"

once@^1.3.0:
  version "1.4.0"
  resolved "https://registry.yarnpkg.com/once/-/once-1.4.0.tgz#583b1aa775961d4b113ac17d9c50baef9dd76bd1"
  dependencies:
    wrappy "1"

path-is-absolute@^1.0.0:
  version "1.0.1"
  resolved "https://registry.yarnpkg.com/path-is-absolute/-/path-is-absolute-1.0.1.tgz#174b9268735534ffbc7ace6bf53a5a9e1b5c5f5f"

performance-now@~0.2.0:
  version "0.2.0"
  resolved "https://registry.yarnpkg.com/performance-now/-/performance-now-0.2.0.tgz#33ef30c5c77d4ea21c5a53869d91b56d8f2555e5"

promise@^7.1.1:
  version "7.1.1"
  resolved "https://registry.yarnpkg.com/promise/-/promise-7.1.1.tgz#489654c692616b8aa55b0724fa809bb7db49c5bf"
  dependencies:
    asap "~2.0.3"

raf@^3.1.0, raf@^3.3.0:
  version "3.3.0"
  resolved "https://registry.yarnpkg.com/raf/-/raf-3.3.0.tgz#93845eeffc773f8129039f677f80a36044eee2c3"
  dependencies:
    performance-now "~0.2.0"

rc-align@2.x:
  version "2.3.3"
  resolved "https://registry.yarnpkg.com/rc-align/-/rc-align-2.3.3.tgz#15e2fd329fde9c2dec16e4a0e0ec20fba2ffdbc0"
  dependencies:
    dom-align "1.x"
    rc-util "4.x"

rc-animate@2.x:
  version "2.3.1"
  resolved "https://registry.yarnpkg.com/rc-animate/-/rc-animate-2.3.1.tgz#eacda46bf589d857f640c53953d92e07cb688636"
  dependencies:
    css-animation "^1.3.0"

rc-checkbox@^1.4.3:
  version "1.4.4"
  resolved "https://registry.yarnpkg.com/rc-checkbox/-/rc-checkbox-1.4.4.tgz#12d2932b6b628953000e764c68f0465dc81a052d"
  dependencies:
    classnames "2.x"
    rc-util "^4.0.1"

rc-collapse@^1.6.11:
  version "1.6.12"
  resolved "https://registry.yarnpkg.com/rc-collapse/-/rc-collapse-1.6.12.tgz#4eb3a866cdeea7eea9962e8072ecbbf0025f427b"
  dependencies:
    classnames "2.x"
    css-animation "1.x"
    rc-animate "2.x"

rc-dialog@^6.4.0, rc-dialog@^6.5.5:
  version "6.5.6"
  resolved "https://registry.yarnpkg.com/rc-dialog/-/rc-dialog-6.5.6.tgz#7bf9603139a9c9b474c5354c503c9f9e6181a3d6"
  dependencies:
    babel-runtime "6.x"
    object-assign "~4.1.0"
    rc-animate "2.x"
    rc-util "^3.4.1"

rc-drawer@^0.4.9:
  version "0.4.9"
  resolved "https://registry.yarnpkg.com/rc-drawer/-/rc-drawer-0.4.9.tgz#e90bd0131669ef974e1803ca6cf3d2a72cd635fe"
  dependencies:
    babel-runtime "6.x"
    classnames "^2.2.4"

rc-input-number@^2.8.8:
  version "2.8.9"
  resolved "https://registry.yarnpkg.com/rc-input-number/-/rc-input-number-2.8.9.tgz#8711e231c53c3bb9cf31af6c4d6b20eb03aa0f0e"
  dependencies:
    babel-runtime "6.x"
    classnames "^2.2.0"
    rc-touchable "^1.0.0"

rc-notification@^1.3.5:
  version "1.3.6"
  resolved "https://registry.yarnpkg.com/rc-notification/-/rc-notification-1.3.6.tgz#31e13bdc161bb5e87cfeeb3c57705afa0aa59921"
  dependencies:
    classnames "2.x"
    rc-animate "2.x"
    rc-util "3.x"

rc-slider@^6.1.0:
  version "6.1.2"
  resolved "https://registry.yarnpkg.com/rc-slider/-/rc-slider-6.1.2.tgz#4509e813075f478dd64f03762634723e0970976b"
  dependencies:
    babel-runtime "6.x"
    classnames "^2.2.5"
    rc-tooltip "^3.4.2"
    rc-util "^4.0.0"
    warning "^3.0.0"

rc-steps@~2.2.4:
  version "2.2.4"
  resolved "https://registry.yarnpkg.com/rc-steps/-/rc-steps-2.2.4.tgz#f1630e2d13e5b1810bd966bed413c52ac53952cf"
  dependencies:
    classnames "^2.2.3"

rc-swipeout@^1.1.5:
  version "1.2.4"
  resolved "https://registry.yarnpkg.com/rc-swipeout/-/rc-swipeout-1.2.4.tgz#fdb5f45cd6b3b20beb037c2e9e917d74a68ab112"
  dependencies:
    babel-runtime "6.x"
    object.omit "~2.0.0"
    react-hammerjs "^0.5.0"
    react-native-swipe-out "~2.0.12"

rc-table@^5.2.2:
  version "5.2.10"
  resolved "https://registry.yarnpkg.com/rc-table/-/rc-table-5.2.10.tgz#4fb98805dc12e214fd9f08958d04685ad102e6e6"
  dependencies:
    component-classes "^1.2.6"
    lodash.get "^4.4.2"
    rc-util "4.x"
    shallowequal "^0.2.2"
    warning "^3.0.0"

rc-tabs@^7.1.0:
  version "7.1.1"
  resolved "https://registry.yarnpkg.com/rc-tabs/-/rc-tabs-7.1.1.tgz#c7d0f76d64465b06bf2968e9245694726d2b962b"
  dependencies:
    babel-runtime "6.x"
    classnames "2.x"
    react-hammerjs "~0.5.0"

rc-tooltip@^3.4.2:
  version "3.4.2"
  resolved "https://registry.yarnpkg.com/rc-tooltip/-/rc-tooltip-3.4.2.tgz#c5c89c347ed790f7f290ef825d5e24e8fb599166"
  dependencies:
    rc-trigger "1.x"

rc-touchable@^1.0.0, rc-touchable@^1.0.2, rc-touchable@^1.0.8:
  version "1.0.10"
  resolved "https://registry.yarnpkg.com/rc-touchable/-/rc-touchable-1.0.10.tgz#467ac8867c44aa4598204d6fb727d55ca0d91ea5"
  dependencies:
    babel-runtime "6.x"
    object-assign "^4.1.0"

rc-trigger@1.x:
  version "1.8.1"
  resolved "https://registry.yarnpkg.com/rc-trigger/-/rc-trigger-1.8.1.tgz#5c47adad7d5412028fe9a2e43510e10acef90de2"
  dependencies:
    babel-runtime "6.x"
    rc-align "2.x"
    rc-animate "2.x"
    rc-util "4.x"

rc-util@3.x, rc-util@^3.4.1:
  version "3.4.1"
  resolved "https://registry.yarnpkg.com/rc-util/-/rc-util-3.4.1.tgz#4b7e0b0c7593bdbcff8ed045d88fbbc773a7b061"
  dependencies:
    add-dom-event-listener "1.x"
    classnames "2.x"
    shallowequal "0.2.x"

rc-util@4.x, rc-util@^4.0.0, rc-util@^4.0.1:
  version "4.0.2"
  resolved "https://registry.yarnpkg.com/rc-util/-/rc-util-4.0.2.tgz#5804f8b141a13c8c14d7c265a7d21d298195af46"
  dependencies:
    add-dom-event-listener "1.x"
    shallowequal "^0.2.2"

react-hammerjs@^0.5.0, react-hammerjs@~0.5.0:
  version "0.5.0"
  resolved "https://registry.yarnpkg.com/react-hammerjs/-/react-hammerjs-0.5.0.tgz#aa20e5c5f44d660f3e8e87ed11282f12173e77ae"
  dependencies:
    hammerjs "^2.0.8"

react-mixin@^3.0.5:
  version "3.0.5"
  resolved "https://registry.yarnpkg.com/react-mixin/-/react-mixin-3.0.5.tgz#e0b7b6713fdc9ddc429267df808b6ac5184c6706"
  dependencies:
    object-assign "^4.0.1"
    smart-mixin "^2.0.0"

react-native-camera-roll-picker@~1.1.6:
  version "1.1.9"
  resolved "https://registry.yarnpkg.com/react-native-camera-roll-picker/-/react-native-camera-roll-picker-1.1.9.tgz#99bad3a9c117ad79e67044c420ce463ee18f29d3"

react-native-dismiss-keyboard@1.0.0:
  version "1.0.0"
  resolved "https://registry.yarnpkg.com/react-native-dismiss-keyboard/-/react-native-dismiss-keyboard-1.0.0.tgz#32886242b3f2317e121f3aeb9b0a585e2b879b49"

react-native-drawer-layout@~1.0.0:
  version "1.0.0"
  resolved "https://registry.yarnpkg.com/react-native-drawer-layout/-/react-native-drawer-layout-1.0.0.tgz#445c894cfd77c2160387481cd7f4364654eef54f"
  dependencies:
    autobind-decorator "^1.3.2"
    react-native-dismiss-keyboard "1.0.0"

react-native-menu@~0.20.1:
  version "0.20.2"
  resolved "https://registry.yarnpkg.com/react-native-menu/-/react-native-menu-0.20.2.tgz#a1bec7a3d1660246561298c851f98728bc4a1305"
  dependencies:
    react-timer-mixin "^0.13.3"

react-native-scrollable-tab-view@^0.6.0:
  version "0.6.0"
  resolved "https://registry.yarnpkg.com/react-native-scrollable-tab-view/-/react-native-scrollable-tab-view-0.6.0.tgz#36050cf72dae0dc00b6b8d7f9a570955d99a213b"
  dependencies:
    react-static-container "^1.0.1"
    react-timer-mixin "^0.13.3"

react-native-swipe-out@~2.0.12:
  version "2.0.14"
  resolved "https://registry.yarnpkg.com/react-native-swipe-out/-/react-native-swipe-out-2.0.14.tgz#971b1d62dbc383892e633da003bfa69a766fe765"
  dependencies:
    react-tween-state "^0.1.5"

react-static-container@^1.0.1:
  version "1.0.1"
  resolved "http://registry.npmjs.org/react-static-container/-/react-static-container-1.0.1.tgz#694c0dd68a896b879519afb548399cc1989c9ab0"

react-sticky@^5.0.2:
  version "5.0.5"
  resolved "https://registry.yarnpkg.com/react-sticky/-/react-sticky-5.0.5.tgz#995871273f8a001fa4d462d3b96f381ee54b2649"

react-timer-mixin@^0.13.3, react-timer-mixin@~0.13.3:
  version "0.13.3"
  resolved "https://registry.yarnpkg.com/react-timer-mixin/-/react-timer-mixin-0.13.3.tgz#0da8b9f807ec07dc3e854d082c737c65605b3d22"

react-tween-state@^0.1.5:
  version "0.1.5"
  resolved "https://registry.yarnpkg.com/react-tween-state/-/react-tween-state-0.1.5.tgz#e98b066551efb93cb92dd1be14995c2e3deae339"
  dependencies:
    raf "^3.1.0"
    tween-functions "^1.0.1"

regenerator-runtime@^0.10.0:
  version "0.10.3"
  resolved "https://registry.yarnpkg.com/regenerator-runtime/-/regenerator-runtime-0.10.3.tgz#8c4367a904b51ea62a908ac310bf99ff90a82a3e"

rmc-cascader@^4.1.1:
  version "4.1.2"
  resolved "https://registry.yarnpkg.com/rmc-cascader/-/rmc-cascader-4.1.2.tgz#896f6d74cda9af76a48f90067fb1cd9fa44f92cb"
  dependencies:
    array-tree-filter "1.0.x"
    babel-runtime "6.x"
    rmc-picker "^3.8.0"

rmc-date-picker@^5.3.1:
  version "5.3.3"
  resolved "https://registry.yarnpkg.com/rmc-date-picker/-/rmc-date-picker-5.3.3.tgz#1e544c3e05268203a9025b3a1ee40c653c20b4a3"
  dependencies:
    babel-runtime "6.x"
    moment "2.x"
    rmc-picker "^3.8.0"

rmc-list-view@^0.7.4:
  version "0.7.4"
  resolved "https://registry.yarnpkg.com/rmc-list-view/-/rmc-list-view-0.7.4.tgz#f44c8044dcfabf287800d379cbe0a6b9d2ce0c39"
  dependencies:
    autobind-decorator "^1.3.3"
    babel-runtime "6.x"
    classnames "^2.2.5"
    fbjs "^0.8.3"
    object-assign "^4.1.0"
    react-mixin "^3.0.5"
    react-sticky "^5.0.2"
    react-timer-mixin "^0.13.3"
    zscroller "~0.2.2"

rmc-picker@^3.8.0:
  version "3.8.4"
  resolved "https://registry.yarnpkg.com/rmc-picker/-/rmc-picker-3.8.4.tgz#dfaf265d072ffb861f7b5aa2a1106f7ccf79aa7c"
  dependencies:
    babel-runtime "6.x"
    classnames "2.x"
    object-assign "4.x"
    rc-dialog "^6.4.0"
    rc-touchable "^1.0.2"
    zscroller "~0.2.0"

rn-topview@~0.1.0:
  version "0.1.2"
  resolved "https://registry.yarnpkg.com/rn-topview/-/rn-topview-0.1.2.tgz#3df2f451f51d5e6a3556dbeb7cb765c51937fe44"

setimmediate@^1.0.5:
  version "1.0.5"
  resolved "https://registry.yarnpkg.com/setimmediate/-/setimmediate-1.0.5.tgz#290cbb232e306942d7d7ea9b83732ab7856f8285"

shallowequal@0.2.x, shallowequal@^0.2.2:
  version "0.2.2"
  resolved "https://registry.yarnpkg.com/shallowequal/-/shallowequal-0.2.2.tgz#1e32fd5bcab6ad688a4812cb0cc04efc75c7014e"
  dependencies:
    lodash.keys "^3.1.2"

smart-mixin@^2.0.0:
  version "2.0.0"
  resolved "https://registry.yarnpkg.com/smart-mixin/-/smart-mixin-2.0.0.tgz#a34a1055e32a75b30d2b4e3ca323dc99cb53f437"

tween-functions@^1.0.1:
  version "1.2.0"
  resolved "https://registry.yarnpkg.com/tween-functions/-/tween-functions-1.2.0.tgz#1ae3a50e7c60bb3def774eac707acbca73bbc3ff"

ua-parser-js@^0.7.9:
  version "0.7.12"
  resolved "https://registry.yarnpkg.com/ua-parser-js/-/ua-parser-js-0.7.12.tgz#04c81a99bdd5dc52263ea29d24c6bf8d4818a4bb"

warning@^3.0.0:
  version "3.0.0"
  resolved "https://registry.yarnpkg.com/warning/-/warning-3.0.0.tgz#32e5377cb572de4ab04753bdf8821c01ed605b7c"
  dependencies:
    loose-envify "^1.0.0"

whatwg-fetch@>=0.10.0:
  version "2.0.2"
  resolved "https://registry.yarnpkg.com/whatwg-fetch/-/whatwg-fetch-2.0.2.tgz#fe294d1d89e36c5be8b3195057f2e4bc74fc980e"

wrappy@1:
  version "1.0.2"
  resolved "https://registry.yarnpkg.com/wrappy/-/wrappy-1.0.2.tgz#b5243d8f3ec1aa35f1364605bc0d1036e30ab69f"

zscroller@~0.2.0, zscroller@~0.2.2:
  version "0.2.5"
  resolved "https://registry.yarnpkg.com/zscroller/-/zscroller-0.2.5.tgz#b8a4f541e3f1337e89037c4a7ec5130460fad35c"
  dependencies:
    raf "^3.3.0"
